
Microsoft Visual Studio Solution File, Format Version 11.00
# Visual Studio 2010
Project("{8BC9CEB8-8B4A-11D0-8D11-00A0C91BC942}") = "Crypto", "Crypto\Crypto.vcxproj", "{63E23974-F5DD-4516-B4E4-6AEEF60A95CF}"
EndProject
Project("{8BC9CEB8-8B4A-11D0-8D11-00A0C91BC942}") = "MD5", "MD5\MD5.vcxproj", "{556E83EB-141F-41A0-B230-5B189693708B}"
EndProject
Project("{8BC9CEB8-8B4A-11D0-8D11-00A0C91BC942}") = "SHA1", "SHA1\SHA1.vcxproj", "{0D3B2AB0-2808-4A94-8536-8CBEBC0156D5}"
EndProject
Project("{8BC9CEB8-8B4A-11D0-8D11-00A0C91BC942}") = "RSA", "RSA\RSA.vcxproj", "{64F0DABF-5FCA-4AAA-97C5-A747F0CEB636}"
EndProject
Project("{8BC9CEB8-8B4A-11D0-8D11-00A0C91BC942}") = "Vigenere", "Vigenere\Vigenere.vcxproj", "{E177D27A-64F3-49B1-8930-C2784F6251F4}"
EndProject
Project("{8BC9CEB8-8B4A-11D0-8D11-00A0C91BC942}") = "Ceasar", "Ceasar\Ceasar.vcxproj", "{60F043D4-7B14-4CC7-80FC-921D785E364A}"
EndProject
Project("{8BC9CEB8-8B4A-11D0-8D11-00A0C91BC942}") = "DES", "DES\DES.vcxproj", "{A77F55DE-BDBD-4BBE-AF81-EBA2BEBC423A}"
EndProject
Global
	GlobalSection(SolutionConfigurationPlatforms) = preSolution
		Debug|Win32 = Debug|Win32
		Release|Win32 = Release|Win32
	EndGlobalSection
	GlobalSection(ProjectConfigurationPlatforms) = postSolution
		{63E23974-F5DD-4516-B4E4-6AEEF60A95CF}.Debug|Win32.ActiveCfg = Debug|Win32
		{63E23974-F5DD-4516-B4E4-6AEEF60A95CF}.Debug|Win32.Build.0 = Debug|Win32
		{63E23974-F5DD-4516-B4E4-6AEEF60A95CF}.Release|Win32.ActiveCfg = Release|Win32
		{63E23974-F5DD-4516-B4E4-6AEEF60A95CF}.Release|Win32.Build.0 = Release|Win32
		{556E83EB-141F-41A0-B230-5B189693708B}.Debug|Win32.ActiveCfg = Debug|Win32
		{556E83EB-141F-41A0-B230-5B189693708B}.Debug|Win32.Build.0 = Debug|Win32
		{556E83EB-141F-41A0-B230-5B189693708B}.Release|Win32.ActiveCfg = Release|Win32
		{556E83EB-141F-41A0-B230-5B189693708B}.Release|Win32.Build.0 = Release|Win32
		{0D3B2AB0-2808-4A94-8536-8CBEBC0156D5}.Debug|Win32.ActiveCfg = Debug|Win32
		{0D3B2AB0-2808-4A94-8536-8CBEBC0156D5}.Debug|Win32.Build.0 = Debug|Win32
		{0D3B2AB0-2808-4A94-8536-8CBEBC0156D5}.Release|Win32.ActiveCfg = Release|Win32
		{0D3B2AB0-2808-4A94-8536-8CBEBC0156D5}.Release|Win32.Build.0 = Release|Win32
		{64F0DABF-5FCA-4AAA-97C5-A747F0CEB636}.Debug|Win32.ActiveCfg = Debug|Win32
		{64F0DABF-5FCA-4AAA-97C5-A747F0CEB636}.Debug|Win32.Build.0 = Debug|Win32
		{64F0DABF-5FCA-4AAA-97C5-A747F0CEB636}.Release|Win32.ActiveCfg = Release|Win32
		{64F0DABF-5FCA-4AAA-97C5-A747F0CEB636}.Release|Win32.Build.0 = Release|Win32
		{E177D27A-64F3-49B1-8930-C2784F6251F4}.Debug|Win32.ActiveCfg = Debug|Win32
		{E177D27A-64F3-49B1-8930-C2784F6251F4}.Debug|Win32.Build.0 = Debug|Win32
		{E177D27A-64F3-49B1-8930-C2784F6251F4}.Release|Win32.ActiveCfg = Release|Win32
		{E177D27A-64F3-49B1-8930-C2784F6251F4}.Release|Win32.Build.0 = Release|Win32
		{60F043D4-7B14-4CC7-80FC-921D785E364A}.Debug|Win32.ActiveCfg = Debug|Win32
		{60F043D4-7B14-4CC7-80FC-921D785E364A}.Debug|Win32.Build.0 = Debug|Win32
		{60F043D4-7B14-4CC7-80FC-921D785E364A}.Release|Win32.ActiveCfg = Release|Win32
		{60F043D4-7B14-4CC7-80FC-921D785E364A}.Release|Win32.Build.0 = Release|Win32
		{A77F55DE-BDBD-4BBE-AF81-EBA2BEBC423A}.Debug|Win32.ActiveCfg = Debug|Win32
		{A77F55DE-BDBD-4BBE-AF81-EBA2BEBC423A}.Debug|Win32.Build.0 = Debug|Win32
		{A77F55DE-BDBD-4BBE-AF81-EBA2BEBC423A}.Release|Win32.ActiveCfg = Release|Win32
		{A77F55DE-BDBD-4BBE-AF81-EBA2BEBC423A}.Release|Win32.Build.0 = Release|Win32
	EndGlobalSection
	GlobalSection(SolutionProperties) = preSolution
		HideSolutionNode = FALSE
	EndGlobalSection
EndGlobal
